
Microsoft Visual Studio Solution File, Format Version 12.00
Project("{FAE04EC0-301F-11D3-BF4B-00C04F79EFBC}") = "Kaikki", "Kaikki.csproj", "{A63B051E-691A-4698-91A2-BDD162B201C2}"
EndProject
Global
	GlobalSection(SolutionConfigurationPlatforms) = preSolution
		Debug|Any CPU = Debug|Any CPU
		Release|Any CPU = Release|Any CPU
	EndGlobalSection
	GlobalSection(ProjectConfigurationPlatforms) = postSolution
		{A63B051E-691A-4698-91A2-BDD162B201C2}.Debug|Any CPU.ActiveCfg = Debug|Any CPU
		{A63B051E-691A-4698-91A2-BDD162B201C2}.Debug|Any CPU.Build.0 = Debug|Any CPU
		{A63B051E-691A-4698-91A2-BDD162B201C2}.Release|Any CPU.ActiveCfg = Release|Any CPU
		{A63B051E-691A-4698-91A2-BDD162B201C2}.Release|Any CPU.Build.0 = Release|Any CPU
	EndGlobalSection
EndGlobal
